
Microsoft Visual Studio Solution File, Format Version 12.00
# Visual Studio Version 17
VisualStudioVersion = 17.6.33829.357
MinimumVisualStudioVersion = 10.0.40219.1
Project("{FAE04EC0-301F-11D3-BF4B-00C04F79EFBC}") = "HowEntropicAmI", "HowEntropicAmI.csproj", "{37921749-CF0E-46CC-975F-76DB43B8632A}"
EndProject
Global
	GlobalSection(SolutionConfigurationPlatforms) = preSolution
		Debug|Any CPU = Debug|Any CPU
		Release|Any CPU = Release|Any CPU
	EndGlobalSection
	GlobalSection(ProjectConfigurationPlatforms) = postSolution
		{37921749-CF0E-46CC-975F-76DB43B8632A}.Debug|Any CPU.ActiveCfg = Debug|Any CPU
		{37921749-CF0E-46CC-975F-76DB43B8632A}.Debug|Any CPU.Build.0 = Debug|Any CPU
		{37921749-CF0E-46CC-975F-76DB43B8632A}.Release|Any CPU.ActiveCfg = Release|Any CPU
		{37921749-CF0E-46CC-975F-76DB43B8632A}.Release|Any CPU.Build.0 = Release|Any CPU
	EndGlobalSection
	GlobalSection(SolutionProperties) = preSolution
		HideSolutionNode = FALSE
	EndGlobalSection
	GlobalSection(ExtensibilityGlobals) = postSolution
		SolutionGuid = {409C457F-7FB9-4B0E-9AC8-70653A90D408}
	EndGlobalSection
EndGlobal
